
Microsoft Visual Studio Solution File, Format Version 12.00
Project("{2150E333-8FDC-42A3-9474-1A3956D46DE8}") = "Solution Items", "Solution Items", "{93C02FDC-11DF-4463-BCFB-0E763A59D479}"
	ProjectSection(SolutionItems) = preProject
		compose.yaml = compose.yaml
	EndProjectSection
EndProject
Project("{FAE04EC0-301F-11D3-BF4B-00C04F79EFBC}") = "Photon.Backend", "Photon.Backend\Photon.Backend.csproj", "{C10144A1-4740-428A-AC96-9F20D11B8D26}"
EndProject
Global
	GlobalSection(SolutionConfigurationPlatforms) = preSolution
		Debug|Any CPU = Debug|Any CPU
		Release|Any CPU = Release|Any CPU
	EndGlobalSection
	GlobalSection(ProjectConfigurationPlatforms) = postSolution
		{C10144A1-4740-428A-AC96-9F20D11B8D26}.Debug|Any CPU.ActiveCfg = Debug|Any CPU
		{C10144A1-4740-428A-AC96-9F20D11B8D26}.Debug|Any CPU.Build.0 = Debug|Any CPU
		{C10144A1-4740-428A-AC96-9F20D11B8D26}.Release|Any CPU.ActiveCfg = Release|Any CPU
		{C10144A1-4740-428A-AC96-9F20D11B8D26}.Release|Any CPU.Build.0 = Release|Any CPU
	EndGlobalSection
EndGlobal
